// !$*UTF8*$!
{
	archiveVersion = 1;
	classes = {
	};
	objectVersion = 70;
	objects = {

/* Begin PBXContainerItemProxy section */
		4A80872B2C86518C00F82FAB /* PBXContainerItemProxy */ = {
			isa = PBXContainerItemProxy;
			containerPortal = 4A8087112C86518B00F82FAB /* Project object */;
			proxyType = 1;
			remoteGlobalIDString = 4A8087182C86518B00F82FAB;
			remoteInfo = LolChampionRotation;
		};
		4A8087352C86518C00F82FAB /* PBXContainerItemProxy */ = {
			isa = PBXContainerItemProxy;
			containerPortal = 4A8087112C86518B00F82FAB /* Project object */;
			proxyType = 1;
			remoteGlobalIDString = 4A8087182C86518B00F82FAB;
			remoteInfo = LolChampionRotation;
		};
/* End PBXContainerItemProxy section */

/* Begin PBXFileReference section */
		4A8087192C86518B00F82FAB /* LoL Champion Rotation.app */ = {isa = PBXFileReference; explicitFileType = wrapper.application; includeInIndex = 0; path = "LoL Champion Rotation.app"; sourceTree = BUILT_PRODUCTS_DIR; };
		4A80872A2C86518C00F82FAB /* LolChampionRotationTests.xctest */ = {isa = PBXFileReference; explicitFileType = wrapper.cfbundle; includeInIndex = 0; path = LolChampionRotationTests.xctest; sourceTree = BUILT_PRODUCTS_DIR; };
		4A8087342C86518C00F82FAB /* LolChampionRotationUITests.xctest */ = {isa = PBXFileReference; explicitFileType = wrapper.cfbundle; includeInIndex = 0; path = LolChampionRotationUITests.xctest; sourceTree = BUILT_PRODUCTS_DIR; };
/* End PBXFileReference section */

/* Begin PBXFileSystemSynchronizedRootGroup section */
		4A80871B2C86518B00F82FAB /* LolChampionRotation */ = {isa = PBXFileSystemSynchronizedRootGroup; explicitFileTypes = {}; explicitFolders = (); path = LolChampionRotation; sourceTree = "<group>"; };
		4A80872D2C86518C00F82FAB /* LolChampionRotationTests */ = {isa = PBXFileSystemSynchronizedRootGroup; explicitFileTypes = {}; explicitFolders = (); path = LolChampionRotationTests; sourceTree = "<group>"; };
		4A8087372C86518C00F82FAB /* LolChampionRotationUITests */ = {isa = PBXFileSystemSynchronizedRootGroup; explicitFileTypes = {}; explicitFolders = (); path = LolChampionRotationUITests; sourceTree = "<group>"; };
/* End PBXFileSystemSynchronizedRootGroup section */

/* Begin PBXFrameworksBuildPhase section */
		4A8087162C86518B00F82FAB /* Frameworks */ = {
			isa = PBXFrameworksBuildPhase;
			buildActionMask = 2147483647;
			files = (
			);
			runOnlyForDeploymentPostprocessing = 0;
		};
		4A8087272C86518C00F82FAB /* Frameworks */ = {
			isa = PBXFrameworksBuildPhase;
			buildActionMask = 2147483647;
			files = (
			);
			runOnlyForDeploymentPostprocessing = 0;
		};
		4A8087312C86518C00F82FAB /* Frameworks */ = {
			isa = PBXFrameworksBuildPhase;
			buildActionMask = 2147483647;
			files = (
			);
			runOnlyForDeploymentPostprocessing = 0;
		};
/* End PBXFrameworksBuildPhase section */

/* Begin PBXGroup section */
		4A8087102C86518B00F82FAB = {
			isa = PBXGroup;
			children = (
				4A80871B2C86518B00F82FAB /* LolChampionRotation */,
				4A80872D2C86518C00F82FAB /* LolChampionRotationTests */,
				4A8087372C86518C00F82FAB /* LolChampionRotationUITests */,
				4A80871A2C86518B00F82FAB /* Products */,
			);
			sourceTree = "<group>";
		};
		4A80871A2C86518B00F82FAB /* Products */ = {
			isa = PBXGroup;
			children = (
				4A8087192C86518B00F82FAB /* LoL Champion Rotation.app */,
				4A80872A2C86518C00F82FAB /* LolChampionRotationTests.xctest */,
				4A8087342C86518C00F82FAB /* LolChampionRotationUITests.xctest */,
			);
			name = Products;
			sourceTree = "<group>";
		};
/* End PBXGroup section */

/* Begin PBXNativeTarget section */
		4A8087182C86518B00F82FAB /* LolChampionRotation */ = {
			isa = PBXNativeTarget;
			buildConfigurationList = 4A80873E2C86518C00F82FAB /* Build configuration list for PBXNativeTarget "LolChampionRotation" */;
			buildPhases = (
				4A8087152C86518B00F82FAB /* Sources */,
				4A8087162C86518B00F82FAB /* Frameworks */,
				4A8087172C86518B00F82FAB /* Resources */,
			);
			buildRules = (
			);
			dependencies = (
			);
			fileSystemSynchronizedGroups = (
				4A80871B2C86518B00F82FAB /* LolChampionRotation */,
			);
			name = LolChampionRotation;
			packageProductDependencies = (
			);
			productName = LolChampionRotation;
			productReference = 4A8087192C86518B00F82FAB /* LoL Champion Rotation.app */;
			productType = "com.apple.product-type.application";
		};
		4A8087292C86518C00F82FAB /* LolChampionRotationTests */ = {
			isa = PBXNativeTarget;
			buildConfigurationList = 4A8087412C86518C00F82FAB /* Build configuration list for PBXNativeTarget "LolChampionRotationTests" */;
			buildPhases = (
				4A8087262C86518C00F82FAB /* Sources */,
				4A8087272C86518C00F82FAB /* Frameworks */,
				4A8087282C86518C00F82FAB /* Resources */,
			);
			buildRules = (
			);
			dependencies = (
				4A80872C2C86518C00F82FAB /* PBXTargetDependency */,
			);
			fileSystemSynchronizedGroups = (
				4A80872D2C86518C00F82FAB /* LolChampionRotationTests */,
			);
			name = LolChampionRotationTests;
			packageProductDependencies = (
			);
			productName = LolChampionRotationTests;
			productReference = 4A80872A2C86518C00F82FAB /* LolChampionRotationTests.xctest */;
			productType = "com.apple.product-type.bundle.unit-test";
		};
		4A8087332C86518C00F82FAB /* LolChampionRotationUITests */ = {
			isa = PBXNativeTarget;
			buildConfigurationList = 4A8087442C86518C00F82FAB /* Build configuration list for PBXNativeTarget "LolChampionRotationUITests" */;
			buildPhases = (
				4A8087302C86518C00F82FAB /* Sources */,
				4A8087312C86518C00F82FAB /* Frameworks */,
				4A8087322C86518C00F82FAB /* Resources */,
			);
			buildRules = (
			);
			dependencies = (
				4A8087362C86518C00F82FAB /* PBXTargetDependency */,
			);
			fileSystemSynchronizedGroups = (
				4A8087372C86518C00F82FAB /* LolChampionRotationUITests */,
			);
			name = LolChampionRotationUITests;
			packageProductDependencies = (
			);
			productName = LolChampionRotationUITests;
			productReference = 4A8087342C86518C00F82FAB /* LolChampionRotationUITests.xctest */;
			productType = "com.apple.product-type.bundle.ui-testing";
		};
/* End PBXNativeTarget section */

/* Begin PBXProject section */
		4A8087112C86518B00F82FAB /* Project object */ = {
			isa = PBXProject;
			attributes = {
				BuildIndependentTargetsInParallel = 1;
				LastSwiftUpdateCheck = 1600;
				LastUpgradeCheck = 1600;
				TargetAttributes = {
					4A8087182C86518B00F82FAB = {
						CreatedOnToolsVersion = 16.0;
					};
					4A8087292C86518C00F82FAB = {
						CreatedOnToolsVersion = 16.0;
						TestTargetID = 4A8087182C86518B00F82FAB;
					};
					4A8087332C86518C00F82FAB = {
						CreatedOnToolsVersion = 16.0;
						TestTargetID = 4A8087182C86518B00F82FAB;
					};
				};
			};
			buildConfigurationList = 4A8087142C86518B00F82FAB /* Build configuration list for PBXProject "LolChampionRotation" */;
			compatibilityVersion = "Xcode 15.0";
			developmentRegion = en;
			hasScannedForEncodings = 0;
			knownRegions = (
				en,
				Base,
			);
			mainGroup = 4A8087102C86518B00F82FAB;
			packageReferences = (
			);
			productRefGroup = 4A80871A2C86518B00F82FAB /* Products */;
			projectDirPath = "";
			projectRoot = "";
			targets = (
				4A8087182C86518B00F82FAB /* LolChampionRotation */,
				4A8087292C86518C00F82FAB /* LolChampionRotationTests */,
				4A8087332C86518C00F82FAB /* LolChampionRotationUITests */,
			);
		};
/* End PBXProject section */

/* Begin PBXResourcesBuildPhase section */
		4A8087172C86518B00F82FAB /* Resources */ = {
			isa = PBXResourcesBuildPhase;
			buildActionMask = 2147483647;
			files = (
			);
			runOnlyForDeploymentPostprocessing = 0;
		};
		4A8087282C86518C00F82FAB /* Resources */ = {
			isa = PBXResourcesBuildPhase;
			buildActionMask = 2147483647;
			files = (
			);
			runOnlyForDeploymentPostprocessing = 0;
		};
		4A8087322C86518C00F82FAB /* Resources */ = {
			isa = PBXResourcesBuildPhase;
			buildActionMask = 2147483647;
			files = (
			);
			runOnlyForDeploymentPostprocessing = 0;
		};
/* End PBXResourcesBuildPhase section */

/* Begin PBXSourcesBuildPhase section */
		4A8087152C86518B00F82FAB /* Sources */ = {
			isa = PBXSourcesBuildPhase;
			buildActionMask = 2147483647;
			files = (
			);
			runOnlyForDeploymentPostprocessing = 0;
		};
		4A8087262C86518C00F82FAB /* Sources */ = {
			isa = PBXSourcesBuildPhase;
			buildActionMask = 2147483647;
			files = (
			);
			runOnlyForDeploymentPostprocessing = 0;
		};
		4A8087302C86518C00F82FAB /* Sources */ = {
			isa = PBXSourcesBuildPhase;
			buildActionMask = 2147483647;
			files = (
			);
			runOnlyForDeploymentPostprocessing = 0;
		};
/* End PBXSourcesBuildPhase section */

/* Begin PBXTargetDependency section */
		4A80872C2C86518C00F82FAB /* PBXTargetDependency */ = {
			isa = PBXTargetDependency;
			target = 4A8087182C86518B00F82FAB /* LolChampionRotation */;
			targetProxy = 4A80872B2C86518C00F82FAB /* PBXContainerItemProxy */;
		};
		4A8087362C86518C00F82FAB /* PBXTargetDependency */ = {
			isa = PBXTargetDependency;
			target = 4A8087182C86518B00F82FAB /* LolChampionRotation */;
			targetProxy = 4A8087352C86518C00F82FAB /* PBXContainerItemProxy */;
		};
/* End PBXTargetDependency section */

/* Begin XCBuildConfiguration section */
		4A80873C2C86518C00F82FAB /* Debug */ = {
			isa = XCBuildConfiguration;
			buildSettings = {
				ALWAYS_SEARCH_USER_PATHS = NO;
				ASSETCATALOG_COMPILER_GENERATE_SWIFT_ASSET_SYMBOL_EXTENSIONS = YES;
				CLANG_ANALYZER_NONNULL = YES;
				CLANG_ANALYZER_NUMBER_OBJECT_CONVERSION = YES_AGGRESSIVE;
				CLANG_CXX_LANGUAGE_STANDARD = "gnu++20";
				CLANG_ENABLE_MODULES = YES;
				CLANG_ENABLE_OBJC_ARC = YES;
				CLANG_ENABLE_OBJC_WEAK = YES;
				CLANG_WARN_BLOCK_CAPTURE_AUTORELEASING = YES;
				CLANG_WARN_BOOL_CONVERSION = YES;
				CLANG_WARN_COMMA = YES;
				CLANG_WARN_CONSTANT_CONVERSION = YES;
				CLANG_WARN_DEPRECATED_OBJC_IMPLEMENTATIONS = YES;
				CLANG_WARN_DIRECT_OBJC_ISA_USAGE = YES_ERROR;
				CLANG_WARN_DOCUMENTATION_COMMENTS = YES;
				CLANG_WARN_EMPTY_BODY = YES;
				CLANG_WARN_ENUM_CONVERSION = YES;
				CLANG_WARN_INFINITE_RECURSION = YES;
				CLANG_WARN_INT_CONVERSION = YES;
				CLANG_WARN_NON_LITERAL_NULL_CONVERSION = YES;
				CLANG_WARN_OBJC_IMPLICIT_RETAIN_SELF = YES;
				CLANG_WARN_OBJC_LITERAL_CONVERSION = YES;
				CLANG_WARN_OBJC_ROOT_CLASS = YES_ERROR;
				CLANG_WARN_QUOTED_INCLUDE_IN_FRAMEWORK_HEADER = YES;
				CLANG_WARN_RANGE_LOOP_ANALYSIS = YES;
				CLANG_WARN_STRICT_PROTOTYPES = YES;
				CLANG_WARN_SUSPICIOUS_MOVE = YES;
				CLANG_WARN_UNGUARDED_AVAILABILITY = YES_AGGRESSIVE;
				CLANG_WARN_UNREACHABLE_CODE = YES;
				CLANG_WARN__DUPLICATE_METHOD_MATCH = YES;
				COPY_PHASE_STRIP = NO;
				DEBUG_INFORMATION_FORMAT = dwarf;
				ENABLE_STRICT_OBJC_MSGSEND = YES;
				ENABLE_TESTABILITY = YES;
				ENABLE_USER_SCRIPT_SANDBOXING = YES;
				GCC_C_LANGUAGE_STANDARD = gnu17;
				GCC_DYNAMIC_NO_PIC = NO;
				GCC_NO_COMMON_BLOCKS = YES;
				GCC_OPTIMIZATION_LEVEL = 0;
				GCC_PREPROCESSOR_DEFINITIONS = (
					"DEBUG=1",
					"$(inherited)",
				);
				GCC_WARN_64_TO_32_BIT_CONVERSION = YES;
				GCC_WARN_ABOUT_RETURN_TYPE = YES_ERROR;
				GCC_WARN_UNDECLARED_SELECTOR = YES;
				GCC_WARN_UNINITIALIZED_AUTOS = YES_AGGRESSIVE;
				GCC_WARN_UNUSED_FUNCTION = YES;
				GCC_WARN_UNUSED_VARIABLE = YES;
				LOCALIZATION_PREFERS_STRING_CATALOGS = YES;
				MACOSX_DEPLOYMENT_TARGET = 15.0;
				MTL_ENABLE_DEBUG_INFO = INCLUDE_SOURCE;
				MTL_FAST_MATH = YES;
				ONLY_ACTIVE_ARCH = YES;
				SDKROOT = macosx;
				SWIFT_ACTIVE_COMPILATION_CONDITIONS = "DEBUG $(inherited)";
				SWIFT_OPTIMIZATION_LEVEL = "-Onone";
			};
			name = Debug;
		};
		4A80873D2C86518C00F82FAB /* Release */ = {
			isa = XCBuildConfiguration;
			buildSettings = {
				ALWAYS_SEARCH_USER_PATHS = NO;
				ASSETCATALOG_COMPILER_GENERATE_SWIFT_ASSET_SYMBOL_EXTENSIONS = YES;
				CLANG_ANALYZER_NONNULL = YES;
				CLANG_ANALYZER_NUMBER_OBJECT_CONVERSION = YES_AGGRESSIVE;
				CLANG_CXX_LANGUAGE_STANDARD = "gnu++20";
				CLANG_ENABLE_MODULES = YES;
				CLANG_ENABLE_OBJC_ARC = YES;
				CLANG_ENABLE_OBJC_WEAK = YES;
				CLANG_WARN_BLOCK_CAPTURE_AUTORELEASING = YES;
				CLANG_WARN_BOOL_CONVERSION = YES;
				CLANG_WARN_COMMA = YES;
				CLANG_WARN_CONSTANT_CONVERSION = YES;
				CLANG_WARN_DEPRECATED_OBJC_IMPLEMENTATIONS = YES;
				CLANG_WARN_DIRECT_OBJC_ISA_USAGE = YES_ERROR;
				CLANG_WARN_DOCUMENTATION_COMMENTS = YES;
				CLANG_WARN_EMPTY_BODY = YES;
				CLANG_WARN_ENUM_CONVERSION = YES;
				CLANG_WARN_INFINITE_RECURSION = YES;
				CLANG_WARN_INT_CONVERSION = YES;
				CLANG_WARN_NON_LITERAL_NULL_CONVERSION = YES;
				CLANG_WARN_OBJC_IMPLICIT_RETAIN_SELF = YES;
				CLANG_WARN_OBJC_LITERAL_CONVERSION = YES;
				CLANG_WARN_OBJC_ROOT_CLASS = YES_ERROR;
				CLANG_WARN_QUOTED_INCLUDE_IN_FRAMEWORK_HEADER = YES;
				CLANG_WARN_RANGE_LOOP_ANALYSIS = YES;
				CLANG_WARN_STRICT_PROTOTYPES = YES;
				CLANG_WARN_SUSPICIOUS_MOVE = YES;
				CLANG_WARN_UNGUARDED_AVAILABILITY = YES_AGGRESSIVE;
				CLANG_WARN_UNREACHABLE_CODE = YES;
				CLANG_WARN__DUPLICATE_METHOD_MATCH = YES;
				COPY_PHASE_STRIP = NO;
				DEBUG_INFORMATION_FORMAT = "dwarf-with-dsym";
				ENABLE_NS_ASSERTIONS = NO;
				ENABLE_STRICT_OBJC_MSGSEND = YES;
				ENABLE_USER_SCRIPT_SANDBOXING = YES;
				GCC_C_LANGUAGE_STANDARD = gnu17;
				GCC_NO_COMMON_BLOCKS = YES;
				GCC_WARN_64_TO_32_BIT_CONVERSION = YES;
				GCC_WARN_ABOUT_RETURN_TYPE = YES_ERROR;
				GCC_WARN_UNDECLARED_SELECTOR = YES;
				GCC_WARN_UNINITIALIZED_AUTOS = YES_AGGRESSIVE;
				GCC_WARN_UNUSED_FUNCTION = YES;
				GCC_WARN_UNUSED_VARIABLE = YES;
				LOCALIZATION_PREFERS_STRING_CATALOGS = YES;
				MACOSX_DEPLOYMENT_TARGET = 15.0;
				MTL_ENABLE_DEBUG_INFO = NO;
				MTL_FAST_MATH = YES;
				SDKROOT = macosx;
				SWIFT_COMPILATION_MODE = wholemodule;
			};
			name = Release;
		};
		4A80873F2C86518C00F82FAB /* Debug */ = {
			isa = XCBuildConfiguration;
			buildSettings = {
				ASSETCATALOG_COMPILER_APPICON_NAME = AppIcon;
				ASSETCATALOG_COMPILER_GLOBAL_ACCENT_COLOR_NAME = AccentColor;
				CODE_SIGN_ENTITLEMENTS = LolChampionRotation/LolChampionRotation.entitlements;
				CODE_SIGN_STYLE = Automatic;
				COMBINE_HIDPI_IMAGES = YES;
				CURRENT_PROJECT_VERSION = 1;
				DEVELOPMENT_ASSET_PATHS = "\"LolChampionRotation/Preview Content\"";
				DEVELOPMENT_TEAM = SP32VN9AD9;
				ENABLE_HARDENED_RUNTIME = YES;
				ENABLE_PREVIEWS = YES;
				GENERATE_INFOPLIST_FILE = YES;
				INFOPLIST_KEY_NSHumanReadableCopyright = "";
				LD_RUNPATH_SEARCH_PATHS = (
					"$(inherited)",
					"@executable_path/../Frameworks",
				);
				MARKETING_VERSION = 1.0;
				PRODUCT_BUNDLE_IDENTIFIER = com.tomwyr.LolChampionRotation;
				PRODUCT_NAME = "LoL Champion Rotation";
				SWIFT_EMIT_LOC_STRINGS = YES;
				SWIFT_VERSION = 5.0;
			};
			name = Debug;
		};
		4A8087402C86518C00F82FAB /* Release */ = {
			isa = XCBuildConfiguration;
			buildSettings = {
				ASSETCATALOG_COMPILER_APPICON_NAME = AppIcon;
				ASSETCATALOG_COMPILER_GLOBAL_ACCENT_COLOR_NAME = AccentColor;
				CODE_SIGN_ENTITLEMENTS = LolChampionRotation/LolChampionRotation.entitlements;
				CODE_SIGN_STYLE = Automatic;
				COMBINE_HIDPI_IMAGES = YES;
				CURRENT_PROJECT_VERSION = 1;
				DEVELOPMENT_ASSET_PATHS = "\"LolChampionRotation/Preview Content\"";
				DEVELOPMENT_TEAM = SP32VN9AD9;
				ENABLE_HARDENED_RUNTIME = YES;
				ENABLE_PREVIEWS = YES;
				GENERATE_INFOPLIST_FILE = YES;
				INFOPLIST_KEY_NSHumanReadableCopyright = "";
				LD_RUNPATH_SEARCH_PATHS = (
					"$(inherited)",
					"@executable_path/../Frameworks",
				);
				MARKETING_VERSION = 1.0;
				PRODUCT_BUNDLE_IDENTIFIER = com.tomwyr.LolChampionRotation;
				PRODUCT_NAME = "LoL Champion Rotation";
				SWIFT_EMIT_LOC_STRINGS = YES;
				SWIFT_VERSION = 5.0;
			};
			name = Release;
		};
		4A8087422C86518C00F82FAB /* Debug */ = {
			isa = XCBuildConfiguration;
			buildSettings = {
				BUNDLE_LOADER = "$(TEST_HOST)";
				CODE_SIGN_STYLE = Automatic;
				CURRENT_PROJECT_VERSION = 1;
				DEVELOPMENT_TEAM = SP32VN9AD9;
				GENERATE_INFOPLIST_FILE = YES;
				MACOSX_DEPLOYMENT_TARGET = 15.0;
				MARKETING_VERSION = 1.0;
				PRODUCT_BUNDLE_IDENTIFIER = com.tomwyr.LolChampionRotationTests;
				PRODUCT_NAME = "$(TARGET_NAME)";
				SWIFT_EMIT_LOC_STRINGS = NO;
				SWIFT_VERSION = 5.0;
				TEST_HOST = "$(BUILT_PRODUCTS_DIR)/LolChampionRotation.app/$(BUNDLE_EXECUTABLE_FOLDER_PATH)/LolChampionRotation";
			};
			name = Debug;
		};
		4A8087432C86518C00F82FAB /* Release */ = {
			isa = XCBuildConfiguration;
			buildSettings = {
				BUNDLE_LOADER = "$(TEST_HOST)";
				CODE_SIGN_STYLE = Automatic;
				CURRENT_PROJECT_VERSION = 1;
				DEVELOPMENT_TEAM = SP32VN9AD9;
				GENERATE_INFOPLIST_FILE = YES;
				MACOSX_DEPLOYMENT_TARGET = 15.0;
				MARKETING_VERSION = 1.0;
				PRODUCT_BUNDLE_IDENTIFIER = com.tomwyr.LolChampionRotationTests;
				PRODUCT_NAME = "$(TARGET_NAME)";
				SWIFT_EMIT_LOC_STRINGS = NO;
				SWIFT_VERSION = 5.0;
				TEST_HOST = "$(BUILT_PRODUCTS_DIR)/LolChampionRotation.app/$(BUNDLE_EXECUTABLE_FOLDER_PATH)/LolChampionRotation";
			};
			name = Release;
		};
		4A8087452C86518C00F82FAB /* Debug */ = {
			isa = XCBuildConfiguration;
			buildSettings = {
				CODE_SIGN_STYLE = Automatic;
				CURRENT_PROJECT_VERSION = 1;
				DEVELOPMENT_TEAM = SP32VN9AD9;
				GENERATE_INFOPLIST_FILE = YES;
				MARKETING_VERSION = 1.0;
				PRODUCT_BUNDLE_IDENTIFIER = com.tomwyr.LolChampionRotationUITests;
				PRODUCT_NAME = "$(TARGET_NAME)";
				SWIFT_EMIT_LOC_STRINGS = NO;
				SWIFT_VERSION = 5.0;
				TEST_TARGET_NAME = LolChampionRotation;
			};
			name = Debug;
		};
		4A8087462C86518C00F82FAB /* Release */ = {
			isa = XCBuildConfiguration;
			buildSettings = {
				CODE_SIGN_STYLE = Automatic;
				CURRENT_PROJECT_VERSION = 1;
				DEVELOPMENT_TEAM = SP32VN9AD9;
				GENERATE_INFOPLIST_FILE = YES;
				MARKETING_VERSION = 1.0;
				PRODUCT_BUNDLE_IDENTIFIER = com.tomwyr.LolChampionRotationUITests;
				PRODUCT_NAME = "$(TARGET_NAME)";
				SWIFT_EMIT_LOC_STRINGS = NO;
				SWIFT_VERSION = 5.0;
				TEST_TARGET_NAME = LolChampionRotation;
			};
			name = Release;
		};
/* End XCBuildConfiguration section */

/* Begin XCConfigurationList section */
		4A8087142C86518B00F82FAB /* Build configuration list for PBXProject "LolChampionRotation" */ = {
			isa = XCConfigurationList;
			buildConfigurations = (
				4A80873C2C86518C00F82FAB /* Debug */,
				4A80873D2C86518C00F82FAB /* Release */,
			);
			defaultConfigurationIsVisible = 0;
			defaultConfigurationName = Release;
		};
		4A80873E2C86518C00F82FAB /* Build configuration list for PBXNativeTarget "LolChampionRotation" */ = {
			isa = XCConfigurationList;
			buildConfigurations = (
				4A80873F2C86518C00F82FAB /* Debug */,
				4A8087402C86518C00F82FAB /* Release */,
			);
			defaultConfigurationIsVisible = 0;
			defaultConfigurationName = Release;
		};
		4A8087412C86518C00F82FAB /* Build configuration list for PBXNativeTarget "LolChampionRotationTests" */ = {
			isa = XCConfigurationList;
			buildConfigurations = (
				4A8087422C86518C00F82FAB /* Debug */,
				4A8087432C86518C00F82FAB /* Release */,
			);
			defaultConfigurationIsVisible = 0;
			defaultConfigurationName = Release;
		};
		4A8087442C86518C00F82FAB /* Build configuration list for PBXNativeTarget "LolChampionRotationUITests" */ = {
			isa = XCConfigurationList;
			buildConfigurations = (
				4A8087452C86518C00F82FAB /* Debug */,
				4A8087462C86518C00F82FAB /* Release */,
			);
			defaultConfigurationIsVisible = 0;
			defaultConfigurationName = Release;
		};
/* End XCConfigurationList section */
	};
	rootObject = 4A8087112C86518B00F82FAB /* Project object */;
}
